
Microsoft Visual Studio Solution File, Format Version 12.00
# Visual Studio Version 16
VisualStudioVersion = 16.0.29318.209
MinimumVisualStudioVersion = 10.0.40219.1
Project("{2150E333-8FDC-42A3-9474-1A3956D46DE8}") = "Front", "Front", "{1BEAA23F-996A-4750-A5A3-44E631ABB6E5}"
EndProject
Project("{2150E333-8FDC-42A3-9474-1A3956D46DE8}") = "Back", "Back", "{71D9DB5B-838F-4377-B0EA-F48860BE2B98}"
EndProject
Project("{9A19103F-16F7-4668-BE54-9A1E7A4F7556}") = "VMC.BugTracker.Domain", "VMC.BugTracker.Domain\VMC.BugTracker.Domain.csproj", "{5B904BEC-26B1-41EC-BFC2-0F219FBE8143}"
EndProject
Project("{FAE04EC0-301F-11D3-BF4B-00C04F79EFBC}") = "VMC.BugTracker.API", "VMC.BugTracker.API\VMC.BugTracker.API.csproj", "{0787C037-99E5-4725-B3B7-0C7325F5B8FC}"
EndProject
Global
	GlobalSection(SolutionConfigurationPlatforms) = preSolution
		Debug|Any CPU = Debug|Any CPU
		Release|Any CPU = Release|Any CPU
	EndGlobalSection
	GlobalSection(ProjectConfigurationPlatforms) = postSolution
		{5B904BEC-26B1-41EC-BFC2-0F219FBE8143}.Debug|Any CPU.ActiveCfg = Debug|Any CPU
		{5B904BEC-26B1-41EC-BFC2-0F219FBE8143}.Debug|Any CPU.Build.0 = Debug|Any CPU
		{5B904BEC-26B1-41EC-BFC2-0F219FBE8143}.Release|Any CPU.ActiveCfg = Release|Any CPU
		{5B904BEC-26B1-41EC-BFC2-0F219FBE8143}.Release|Any CPU.Build.0 = Release|Any CPU
		{0787C037-99E5-4725-B3B7-0C7325F5B8FC}.Debug|Any CPU.ActiveCfg = Debug|Any CPU
		{0787C037-99E5-4725-B3B7-0C7325F5B8FC}.Debug|Any CPU.Build.0 = Debug|Any CPU
		{0787C037-99E5-4725-B3B7-0C7325F5B8FC}.Release|Any CPU.ActiveCfg = Release|Any CPU
		{0787C037-99E5-4725-B3B7-0C7325F5B8FC}.Release|Any CPU.Build.0 = Release|Any CPU
	EndGlobalSection
	GlobalSection(SolutionProperties) = preSolution
		HideSolutionNode = FALSE
	EndGlobalSection
	GlobalSection(NestedProjects) = preSolution
		{5B904BEC-26B1-41EC-BFC2-0F219FBE8143} = {71D9DB5B-838F-4377-B0EA-F48860BE2B98}
		{0787C037-99E5-4725-B3B7-0C7325F5B8FC} = {1BEAA23F-996A-4750-A5A3-44E631ABB6E5}
	EndGlobalSection
	GlobalSection(ExtensibilityGlobals) = postSolution
		SolutionGuid = {28C1A50A-9460-436A-AD5F-FB9F2349FF12}
	EndGlobalSection
EndGlobal
